
Microsoft Visual Studio Solution File, Format Version 12.00
# Visual Studio Version 17
VisualStudioVersion = 17.4.33122.133
MinimumVisualStudioVersion = 10.0.40219.1
Project("{9A19103F-16F7-4668-BE54-9A1E7A4F7556}") = "1.DAL", "1.DAL\1.DAL.csproj", "{0EBDC908-C9A9-44E6-B4DD-B1FF7E25BADE}"
EndProject
Project("{FAE04EC0-301F-11D3-BF4B-00C04F79EFBC}") = "2.BUS", "2.BUS\2.BUS.csproj", "{0886FED8-E8B2-423C-9550-4D83C350F44F}"
EndProject
Project("{FAE04EC0-301F-11D3-BF4B-00C04F79EFBC}") = "3.PL", "3.PL\3.PL.csproj", "{E061DEF8-E309-4895-A05E-E72994FB3D4C}"
EndProject
Global
	GlobalSection(SolutionConfigurationPlatforms) = preSolution
		Debug|Any CPU = Debug|Any CPU
		Release|Any CPU = Release|Any CPU
	EndGlobalSection
	GlobalSection(ProjectConfigurationPlatforms) = postSolution
		{0EBDC908-C9A9-44E6-B4DD-B1FF7E25BADE}.Debug|Any CPU.ActiveCfg = Debug|Any CPU
		{0EBDC908-C9A9-44E6-B4DD-B1FF7E25BADE}.Debug|Any CPU.Build.0 = Debug|Any CPU
		{0EBDC908-C9A9-44E6-B4DD-B1FF7E25BADE}.Release|Any CPU.ActiveCfg = Release|Any CPU
		{0EBDC908-C9A9-44E6-B4DD-B1FF7E25BADE}.Release|Any CPU.Build.0 = Release|Any CPU
		{0886FED8-E8B2-423C-9550-4D83C350F44F}.Debug|Any CPU.ActiveCfg = Debug|Any CPU
		{0886FED8-E8B2-423C-9550-4D83C350F44F}.Debug|Any CPU.Build.0 = Debug|Any CPU
		{0886FED8-E8B2-423C-9550-4D83C350F44F}.Release|Any CPU.ActiveCfg = Release|Any CPU
		{0886FED8-E8B2-423C-9550-4D83C350F44F}.Release|Any CPU.Build.0 = Release|Any CPU
		{E061DEF8-E309-4895-A05E-E72994FB3D4C}.Debug|Any CPU.ActiveCfg = Debug|Any CPU
		{E061DEF8-E309-4895-A05E-E72994FB3D4C}.Debug|Any CPU.Build.0 = Debug|Any CPU
		{E061DEF8-E309-4895-A05E-E72994FB3D4C}.Release|Any CPU.ActiveCfg = Release|Any CPU
		{E061DEF8-E309-4895-A05E-E72994FB3D4C}.Release|Any CPU.Build.0 = Release|Any CPU
	EndGlobalSection
	GlobalSection(SolutionProperties) = preSolution
		HideSolutionNode = FALSE
	EndGlobalSection
	GlobalSection(ExtensibilityGlobals) = postSolution
		SolutionGuid = {E0BB124E-FD88-408F-A096-BBA6285CD28E}
	EndGlobalSection
EndGlobal
